
Microsoft Visual Studio Solution File, Format Version 12.00
# Visual Studio Version 17
VisualStudioVersion = 17.6.33723.286
MinimumVisualStudioVersion = 10.0.40219.1
Project("{FAE04EC0-301F-11D3-BF4B-00C04F79EFBC}") = "SchoolMS", "SchoolMS.csproj", "{64F44612-538F-41D8-9176-36E02B4BB0EF}"
EndProject
Global
	GlobalSection(SolutionConfigurationPlatforms) = preSolution
		Debug|Any CPU = Debug|Any CPU
		Release|Any CPU = Release|Any CPU
	EndGlobalSection
	GlobalSection(ProjectConfigurationPlatforms) = postSolution
		{64F44612-538F-41D8-9176-36E02B4BB0EF}.Debug|Any CPU.ActiveCfg = Debug|Any CPU
		{64F44612-538F-41D8-9176-36E02B4BB0EF}.Debug|Any CPU.Build.0 = Debug|Any CPU
		{64F44612-538F-41D8-9176-36E02B4BB0EF}.Release|Any CPU.ActiveCfg = Release|Any CPU
		{64F44612-538F-41D8-9176-36E02B4BB0EF}.Release|Any CPU.Build.0 = Release|Any CPU
	EndGlobalSection
	GlobalSection(SolutionProperties) = preSolution
		HideSolutionNode = FALSE
	EndGlobalSection
	GlobalSection(ExtensibilityGlobals) = postSolution
		SolutionGuid = {ED8E27D7-E327-477C-B486-360864818DA1}
	EndGlobalSection
EndGlobal
